
Microsoft Visual Studio Solution File, Format Version 12.00
# Visual Studio Version 17
VisualStudioVersion = 17.0.31903.59
MinimumVisualStudioVersion = 10.0.40219.1
Project("{2150E333-8FDC-42A3-9474-1A3956D46DE8}") = "src", "src", "{5D46CC13-0ABA-4C7C-B4AD-21A04294009C}"
EndProject
Project("{6EC3EE1D-3C4E-46DD-8F32-0CC8E7565705}") = "ElectricLemur.Muscadine.Site", "src\ElectricLemur.Muscadine.Site\ElectricLemur.Muscadine.Site.fsproj", "{53FF7631-0CF2-486F-8A2A-ADE305CB267A}"
EndProject
Global
	GlobalSection(SolutionConfigurationPlatforms) = preSolution
		Debug|Any CPU = Debug|Any CPU
		Release|Any CPU = Release|Any CPU
	EndGlobalSection
	GlobalSection(ProjectConfigurationPlatforms) = postSolution
		{53FF7631-0CF2-486F-8A2A-ADE305CB267A}.Debug|Any CPU.ActiveCfg = Debug|Any CPU
		{53FF7631-0CF2-486F-8A2A-ADE305CB267A}.Debug|Any CPU.Build.0 = Debug|Any CPU
		{53FF7631-0CF2-486F-8A2A-ADE305CB267A}.Release|Any CPU.ActiveCfg = Release|Any CPU
		{53FF7631-0CF2-486F-8A2A-ADE305CB267A}.Release|Any CPU.Build.0 = Release|Any CPU
	EndGlobalSection
	GlobalSection(SolutionProperties) = preSolution
		HideSolutionNode = FALSE
	EndGlobalSection
	GlobalSection(NestedProjects) = preSolution
		{53FF7631-0CF2-486F-8A2A-ADE305CB267A} = {5D46CC13-0ABA-4C7C-B4AD-21A04294009C}
	EndGlobalSection
	GlobalSection(ExtensibilityGlobals) = postSolution
		SolutionGuid = {A9C9A901-7CD7-4492-A40C-51E9C7CED833}
	EndGlobalSection
EndGlobal
